
Microsoft Visual Studio Solution File, Format Version 12.00
# Visual Studio Version 17
VisualStudioVersion = 17.10.35027.167
MinimumVisualStudioVersion = 10.0.40219.1
Project("{FAE04EC0-301F-11D3-BF4B-00C04F79EFBC}") = "test_for_path_project", "test_for_path_project\test_for_path_project.csproj", "{056E5394-BAC0-4FFC-8816-B2B49DA4E785}"
EndProject
Global
	GlobalSection(SolutionConfigurationPlatforms) = preSolution
		Debug|Any CPU = Debug|Any CPU
		Release|Any CPU = Release|Any CPU
	EndGlobalSection
	GlobalSection(ProjectConfigurationPlatforms) = postSolution
		{056E5394-BAC0-4FFC-8816-B2B49DA4E785}.Debug|Any CPU.ActiveCfg = Debug|Any CPU
		{056E5394-BAC0-4FFC-8816-B2B49DA4E785}.Debug|Any CPU.Build.0 = Debug|Any CPU
		{056E5394-BAC0-4FFC-8816-B2B49DA4E785}.Release|Any CPU.ActiveCfg = Release|Any CPU
		{056E5394-BAC0-4FFC-8816-B2B49DA4E785}.Release|Any CPU.Build.0 = Release|Any CPU
	EndGlobalSection
	GlobalSection(SolutionProperties) = preSolution
		HideSolutionNode = FALSE
	EndGlobalSection
	GlobalSection(ExtensibilityGlobals) = postSolution
		SolutionGuid = {AD37F401-50A9-4DBD-9A0F-0327654EF1D7}
	EndGlobalSection
EndGlobal
